
Microsoft Visual Studio Solution File, Format Version 11.00
# Visual Studio 2010
Project("{E097FAD1-6243-4DAD-9C02-E9B9EFC3FFC1}") = "Assembly-CSharp", "Assembly-CSharp.csproj", "{393896E4-19F6-A44D-255E-C069F95BCFAB}"
EndProject
Project("{E097FAD1-6243-4DAD-9C02-E9B9EFC3FFC1}") = "Assembly-CSharp-Editor-firstpass", "Assembly-CSharp-Editor-firstpass.csproj", "{F8926FC1-3911-6721-24D4-022CE07EE94D}"
EndProject
Global
	GlobalSection(SolutionConfigurationPlatforms) = preSolution
		Debug|Any CPU = Debug|Any CPU
		Release|Any CPU = Release|Any CPU
	EndGlobalSection
	GlobalSection(ProjectConfigurationPlatforms) = postSolution
		{393896E4-19F6-A44D-255E-C069F95BCFAB}.Debug|Any CPU.ActiveCfg = Debug|Any CPU
		{393896E4-19F6-A44D-255E-C069F95BCFAB}.Debug|Any CPU.Build.0 = Debug|Any CPU
		{393896E4-19F6-A44D-255E-C069F95BCFAB}.Release|Any CPU.ActiveCfg = Release|Any CPU
		{393896E4-19F6-A44D-255E-C069F95BCFAB}.Release|Any CPU.Build.0 = Release|Any CPU
		{F8926FC1-3911-6721-24D4-022CE07EE94D}.Debug|Any CPU.ActiveCfg = Debug|Any CPU
		{F8926FC1-3911-6721-24D4-022CE07EE94D}.Debug|Any CPU.Build.0 = Debug|Any CPU
		{F8926FC1-3911-6721-24D4-022CE07EE94D}.Release|Any CPU.ActiveCfg = Release|Any CPU
		{F8926FC1-3911-6721-24D4-022CE07EE94D}.Release|Any CPU.Build.0 = Release|Any CPU
	EndGlobalSection
	GlobalSection(SolutionProperties) = preSolution
		HideSolutionNode = FALSE
	EndGlobalSection
	GlobalSection(MonoDevelopProperties) = preSolution
		StartupItem = Assembly-CSharp.csproj
	EndGlobalSection
EndGlobal
